
Microsoft Visual Studio Solution File, Format Version 12.00
# Visual Studio Version 17
VisualStudioVersion = 17.9.34701.34
MinimumVisualStudioVersion = 10.0.40219.1
Project("{FAE04EC0-301F-11D3-BF4B-00C04F79EFBC}") = "S2Lab5", "S2Lab5\S2Lab5.csproj", "{07CEB331-BF7C-4EB9-91AB-ADA8AF7069C9}"
EndProject
Global
	GlobalSection(SolutionConfigurationPlatforms) = preSolution
		Debug|Any CPU = Debug|Any CPU
		Release|Any CPU = Release|Any CPU
	EndGlobalSection
	GlobalSection(ProjectConfigurationPlatforms) = postSolution
		{07CEB331-BF7C-4EB9-91AB-ADA8AF7069C9}.Debug|Any CPU.ActiveCfg = Debug|Any CPU
		{07CEB331-BF7C-4EB9-91AB-ADA8AF7069C9}.Debug|Any CPU.Build.0 = Debug|Any CPU
		{07CEB331-BF7C-4EB9-91AB-ADA8AF7069C9}.Release|Any CPU.ActiveCfg = Release|Any CPU
		{07CEB331-BF7C-4EB9-91AB-ADA8AF7069C9}.Release|Any CPU.Build.0 = Release|Any CPU
	EndGlobalSection
	GlobalSection(SolutionProperties) = preSolution
		HideSolutionNode = FALSE
	EndGlobalSection
	GlobalSection(ExtensibilityGlobals) = postSolution
		SolutionGuid = {8845B5FA-781F-4534-B64A-6738CFB6612D}
	EndGlobalSection
EndGlobal
